
Microsoft Visual Studio Solution File, Format Version 12.00
# Visual Studio Version 16
VisualStudioVersion = 16.0.31424.327
MinimumVisualStudioVersion = 10.0.40219.1
Project("{FAE04EC0-301F-11D3-BF4B-00C04F79EFBC}") = "EquiposNBA", "EquiposNBA\EquiposNBA.csproj", "{316B2A93-8BC6-48B2-B5D0-3A8C937789EC}"
EndProject
Global
	GlobalSection(SolutionConfigurationPlatforms) = preSolution
		Debug|Any CPU = Debug|Any CPU
		Release|Any CPU = Release|Any CPU
	EndGlobalSection
	GlobalSection(ProjectConfigurationPlatforms) = postSolution
		{316B2A93-8BC6-48B2-B5D0-3A8C937789EC}.Debug|Any CPU.ActiveCfg = Debug|Any CPU
		{316B2A93-8BC6-48B2-B5D0-3A8C937789EC}.Debug|Any CPU.Build.0 = Debug|Any CPU
		{316B2A93-8BC6-48B2-B5D0-3A8C937789EC}.Release|Any CPU.ActiveCfg = Release|Any CPU
		{316B2A93-8BC6-48B2-B5D0-3A8C937789EC}.Release|Any CPU.Build.0 = Release|Any CPU
	EndGlobalSection
	GlobalSection(SolutionProperties) = preSolution
		HideSolutionNode = FALSE
	EndGlobalSection
	GlobalSection(ExtensibilityGlobals) = postSolution
		SolutionGuid = {813AA1A4-9776-43DE-87AF-F610C1D78C53}
	EndGlobalSection
EndGlobal
